
Microsoft Visual Studio Solution File, Format Version 12.00
# Visual Studio 15
VisualStudioVersion = 15.0.26730.12
MinimumVisualStudioVersion = 10.0.40219.1
Project("{8BC9CEB8-8B4A-11D0-8D11-00A0C91BC942}") = "IntellisenseRepro", "IntellisenseRepro\IntellisenseRepro.vcxproj", "{0D59557D-7D42-4AAF-BC25-312E7403D349}"
EndProject
Global
	GlobalSection(SolutionConfigurationPlatforms) = preSolution
		Debug|x64 = Debug|x64
		Debug|x86 = Debug|x86
		Release|x64 = Release|x64
		Release|x86 = Release|x86
	EndGlobalSection
	GlobalSection(ProjectConfigurationPlatforms) = postSolution
		{0D59557D-7D42-4AAF-BC25-312E7403D349}.Debug|x64.ActiveCfg = Debug|x64
		{0D59557D-7D42-4AAF-BC25-312E7403D349}.Debug|x64.Build.0 = Debug|x64
		{0D59557D-7D42-4AAF-BC25-312E7403D349}.Debug|x86.ActiveCfg = Debug|Win32
		{0D59557D-7D42-4AAF-BC25-312E7403D349}.Debug|x86.Build.0 = Debug|Win32
		{0D59557D-7D42-4AAF-BC25-312E7403D349}.Release|x64.ActiveCfg = Release|x64
		{0D59557D-7D42-4AAF-BC25-312E7403D349}.Release|x64.Build.0 = Release|x64
		{0D59557D-7D42-4AAF-BC25-312E7403D349}.Release|x86.ActiveCfg = Release|Win32
		{0D59557D-7D42-4AAF-BC25-312E7403D349}.Release|x86.Build.0 = Release|Win32
	EndGlobalSection
	GlobalSection(SolutionProperties) = preSolution
		HideSolutionNode = FALSE
	EndGlobalSection
	GlobalSection(ExtensibilityGlobals) = postSolution
		SolutionGuid = {3D2DC715-612F-4AD9-9D0E-D82631D5E5B3}
	EndGlobalSection
EndGlobal
